
Microsoft Visual Studio Solution File, Format Version 12.00
# Visual Studio Version 17
VisualStudioVersion = 17.2.32630.192
MinimumVisualStudioVersion = 10.0.40219.1
Project("{9A19103F-16F7-4668-BE54-9A1E7A4F7556}") = "R5T.B0006.X0004", "R5T.B0006.X0004\R5T.B0006.X0004.csproj", "{299035E2-1216-40A2-9BAB-20717CF19CD7}"
EndProject
Project("{2150E333-8FDC-42A3-9474-1A3956D46DE8}") = "_Dependencies", "_Dependencies", "{71CC37EB-23DC-45CE-8CCB-28F65DAF7D10}"
EndProject
Project("{9A19103F-16F7-4668-BE54-9A1E7A4F7556}") = "R5T.B0006", "..\..\R5T.B0006\source\R5T.B0006\R5T.B0006.csproj", "{06C2678A-6EA7-4D1D-8BCB-E62966A8D1E8}"
EndProject
Project("{9A19103F-16F7-4668-BE54-9A1E7A4F7556}") = "R5T.F0007", "..\..\R5T.F0007\source\R5T.F0007\R5T.F0007.csproj", "{B7D11765-3F9D-4FFE-8D52-8AFF6F9A9099}"
EndProject
Project("{9A19103F-16F7-4668-BE54-9A1E7A4F7556}") = "R5T.B0006.X0001", "..\..\R5T.B0006.X0001\source\R5T.B0006.X0001\R5T.B0006.X0001.csproj", "{A41DF4EA-0DCF-4505-8D2D-5D930CB76009}"
EndProject
Project("{9A19103F-16F7-4668-BE54-9A1E7A4F7556}") = "R5T.B0007.X0001", "..\..\R5T.B0007.X0001\source\R5T.B0007.X0001\R5T.B0007.X0001.csproj", "{C1B9D83E-8F9B-42BF-B6B4-51AA7F97CF36}"
EndProject
Project("{9A19103F-16F7-4668-BE54-9A1E7A4F7556}") = "R5T.B0007.X0002", "..\..\R5T.B0007.X0002\source\R5T.B0007.X0002\R5T.B0007.X0002.csproj", "{565EFDEF-0983-4E07-A2EA-6CA01E36002A}"
EndProject
Project("{9A19103F-16F7-4668-BE54-9A1E7A4F7556}") = "R5T.B0007", "..\..\R5T.B0007\source\R5T.B0007\R5T.B0007.csproj", "{509A2AD1-2D8C-4A6C-B971-3B3ED7C7EBF1}"
EndProject
Project("{9A19103F-16F7-4668-BE54-9A1E7A4F7556}") = "R5T.F0000", "..\..\R5T.F0000\source\R5T.F0000\R5T.F0000.csproj", "{FB27C3F5-3725-406A-AD6D-F5DA7F78A99D}"
EndProject
Project("{9A19103F-16F7-4668-BE54-9A1E7A4F7556}") = "R5T.F0003", "..\..\R5T.F0003\source\R5T.F0003\R5T.F0003.csproj", "{882A6B55-BCEE-427F-8B25-B66561BAA612}"
EndProject
Project("{9A19103F-16F7-4668-BE54-9A1E7A4F7556}") = "R5T.F0004", "..\..\R5T.F0004\source\R5T.F0004\R5T.F0004.csproj", "{D7F37BDB-227E-4104-B628-3466EBD21AC1}"
EndProject
Project("{9A19103F-16F7-4668-BE54-9A1E7A4F7556}") = "R5T.F0022", "..\..\R5T.F0022\source\R5T.F0022\R5T.F0022.csproj", "{6F2A8210-67A1-445A-A5B3-8084E5D5DC58}"
EndProject
Project("{9A19103F-16F7-4668-BE54-9A1E7A4F7556}") = "R5T.L0011", "..\..\R5T.L0011\source\R5T.L0011\R5T.L0011.csproj", "{0FB24261-9A83-4B70-BF3C-35DE817AAA8D}"
EndProject
Project("{9A19103F-16F7-4668-BE54-9A1E7A4F7556}") = "R5T.Magyar", "..\..\R5T.Magyar\source\R5T.Magyar\R5T.Magyar.csproj", "{6F35B67C-811C-4D40-8701-C1083F93F0D3}"
EndProject
Project("{9A19103F-16F7-4668-BE54-9A1E7A4F7556}") = "R5T.T0039.T002", "..\..\R5T.T0039\source\R5T.T0039.T002\R5T.T0039.T002.csproj", "{6D3CE0A7-DC25-4405-9522-424B593FD6E7}"
EndProject
Project("{9A19103F-16F7-4668-BE54-9A1E7A4F7556}") = "R5T.T0131", "..\..\R5T.T0131\source\R5T.T0131\R5T.T0131.csproj", "{16DD333E-89A1-4840-9589-B1DF99F89956}"
EndProject
Project("{9A19103F-16F7-4668-BE54-9A1E7A4F7556}") = "R5T.T0132", "..\..\R5T.T0132\source\R5T.T0132\R5T.T0132.csproj", "{0E80A55C-8B79-45E3-860F-B83B54D47429}"
EndProject
Project("{9A19103F-16F7-4668-BE54-9A1E7A4F7556}") = "R5T.T0136", "..\..\R5T.T0136\source\R5T.T0136\R5T.T0136.csproj", "{C999D35A-A3F8-43A5-B1B6-45605CC6329E}"
EndProject
Project("{9A19103F-16F7-4668-BE54-9A1E7A4F7556}") = "R5T.T0142", "..\..\R5T.T0142\source\R5T.T0142\R5T.T0142.csproj", "{A33CD7AF-FB8C-4374-B14D-AD67E882FAA2}"
EndProject
Project("{9A19103F-16F7-4668-BE54-9A1E7A4F7556}") = "R5T.T0143", "..\..\R5T.T0143\source\R5T.T0143\R5T.T0143.csproj", "{E4FF5C5E-8281-4B22-93D3-FEEA6C9FC4F9}"
EndProject
Project("{9A19103F-16F7-4668-BE54-9A1E7A4F7556}") = "R5T.T0156", "..\..\R5T.T0156\source\R5T.T0156\R5T.T0156.csproj", "{E074C75D-FB61-4DA2-8F81-40761410A025}"
EndProject
Project("{9A19103F-16F7-4668-BE54-9A1E7A4F7556}") = "R5T.X0005", "..\..\R5T.X0005\source\R5T.X0005\R5T.X0005.csproj", "{CCF91DF1-B8F6-4685-B1FF-38217980AC4A}"
EndProject
Project("{9A19103F-16F7-4668-BE54-9A1E7A4F7556}") = "R5T.Y0000", "..\..\R5T.Y0000\source\R5T.Y0000\R5T.Y0000.csproj", "{D7EEADF4-2828-4849-987B-43830C709DEF}"
EndProject
Project("{9A19103F-16F7-4668-BE54-9A1E7A4F7556}") = "R5T.Z0000", "..\..\R5T.Z0000\source\R5T.Z0000\R5T.Z0000.csproj", "{7D5E6C5B-AC72-4A0E-A9A9-62945BDEB2D2}"
EndProject
Project("{9A19103F-16F7-4668-BE54-9A1E7A4F7556}") = "R5T.Z0002", "..\..\R5T.Z0002\source\R5T.Z0002\R5T.Z0002.csproj", "{3F402EC6-9EA9-498E-8394-CECB97D7B669}"
EndProject
Global
	GlobalSection(NestedProjects) = preSolution
		{06C2678A-6EA7-4D1D-8BCB-E62966A8D1E8} = {71CC37EB-23DC-45CE-8CCB-28F65DAF7D10}
		{B7D11765-3F9D-4FFE-8D52-8AFF6F9A9099} = {71CC37EB-23DC-45CE-8CCB-28F65DAF7D10}
		{A41DF4EA-0DCF-4505-8D2D-5D930CB76009} = {71CC37EB-23DC-45CE-8CCB-28F65DAF7D10}
		{C1B9D83E-8F9B-42BF-B6B4-51AA7F97CF36} = {71CC37EB-23DC-45CE-8CCB-28F65DAF7D10}
		{565EFDEF-0983-4E07-A2EA-6CA01E36002A} = {71CC37EB-23DC-45CE-8CCB-28F65DAF7D10}
		{509A2AD1-2D8C-4A6C-B971-3B3ED7C7EBF1} = {71CC37EB-23DC-45CE-8CCB-28F65DAF7D10}
		{FB27C3F5-3725-406A-AD6D-F5DA7F78A99D} = {71CC37EB-23DC-45CE-8CCB-28F65DAF7D10}
		{882A6B55-BCEE-427F-8B25-B66561BAA612} = {71CC37EB-23DC-45CE-8CCB-28F65DAF7D10}
		{D7F37BDB-227E-4104-B628-3466EBD21AC1} = {71CC37EB-23DC-45CE-8CCB-28F65DAF7D10}
		{6F2A8210-67A1-445A-A5B3-8084E5D5DC58} = {71CC37EB-23DC-45CE-8CCB-28F65DAF7D10}
		{0FB24261-9A83-4B70-BF3C-35DE817AAA8D} = {71CC37EB-23DC-45CE-8CCB-28F65DAF7D10}
		{6F35B67C-811C-4D40-8701-C1083F93F0D3} = {71CC37EB-23DC-45CE-8CCB-28F65DAF7D10}
		{6D3CE0A7-DC25-4405-9522-424B593FD6E7} = {71CC37EB-23DC-45CE-8CCB-28F65DAF7D10}
		{16DD333E-89A1-4840-9589-B1DF99F89956} = {71CC37EB-23DC-45CE-8CCB-28F65DAF7D10}
		{0E80A55C-8B79-45E3-860F-B83B54D47429} = {71CC37EB-23DC-45CE-8CCB-28F65DAF7D10}
		{C999D35A-A3F8-43A5-B1B6-45605CC6329E} = {71CC37EB-23DC-45CE-8CCB-28F65DAF7D10}
		{A33CD7AF-FB8C-4374-B14D-AD67E882FAA2} = {71CC37EB-23DC-45CE-8CCB-28F65DAF7D10}
		{E4FF5C5E-8281-4B22-93D3-FEEA6C9FC4F9} = {71CC37EB-23DC-45CE-8CCB-28F65DAF7D10}
		{E074C75D-FB61-4DA2-8F81-40761410A025} = {71CC37EB-23DC-45CE-8CCB-28F65DAF7D10}
		{CCF91DF1-B8F6-4685-B1FF-38217980AC4A} = {71CC37EB-23DC-45CE-8CCB-28F65DAF7D10}
		{D7EEADF4-2828-4849-987B-43830C709DEF} = {71CC37EB-23DC-45CE-8CCB-28F65DAF7D10}
		{7D5E6C5B-AC72-4A0E-A9A9-62945BDEB2D2} = {71CC37EB-23DC-45CE-8CCB-28F65DAF7D10}
		{3F402EC6-9EA9-498E-8394-CECB97D7B669} = {71CC37EB-23DC-45CE-8CCB-28F65DAF7D10}
	EndGlobalSection
	GlobalSection(SolutionConfigurationPlatforms) = preSolution
		Debug|Any CPU = Debug|Any CPU
		Debug|x64 = Debug|x64
		Debug|x86 = Debug|x86
		Release|Any CPU = Release|Any CPU
		Release|x64 = Release|x64
		Release|x86 = Release|x86
	EndGlobalSection
	GlobalSection(ProjectConfigurationPlatforms) = postSolution
		{299035E2-1216-40A2-9BAB-20717CF19CD7}.Debug|Any CPU.ActiveCfg = Debug|Any CPU
		{299035E2-1216-40A2-9BAB-20717CF19CD7}.Debug|Any CPU.Build.0 = Debug|Any CPU
		{299035E2-1216-40A2-9BAB-20717CF19CD7}.Debug|x64.ActiveCfg = Debug|Any CPU
		{299035E2-1216-40A2-9BAB-20717CF19CD7}.Debug|x64.Build.0 = Debug|Any CPU
		{299035E2-1216-40A2-9BAB-20717CF19CD7}.Debug|x86.ActiveCfg = Debug|Any CPU
		{299035E2-1216-40A2-9BAB-20717CF19CD7}.Debug|x86.Build.0 = Debug|Any CPU
		{299035E2-1216-40A2-9BAB-20717CF19CD7}.Release|Any CPU.ActiveCfg = Release|Any CPU
		{299035E2-1216-40A2-9BAB-20717CF19CD7}.Release|Any CPU.Build.0 = Release|Any CPU
		{299035E2-1216-40A2-9BAB-20717CF19CD7}.Release|x64.ActiveCfg = Release|Any CPU
		{299035E2-1216-40A2-9BAB-20717CF19CD7}.Release|x64.Build.0 = Release|Any CPU
		{299035E2-1216-40A2-9BAB-20717CF19CD7}.Release|x86.ActiveCfg = Release|Any CPU
		{299035E2-1216-40A2-9BAB-20717CF19CD7}.Release|x86.Build.0 = Release|Any CPU
		{06C2678A-6EA7-4D1D-8BCB-E62966A8D1E8}.Debug|Any CPU.ActiveCfg = Debug|Any CPU
		{06C2678A-6EA7-4D1D-8BCB-E62966A8D1E8}.Debug|Any CPU.Build.0 = Debug|Any CPU
		{06C2678A-6EA7-4D1D-8BCB-E62966A8D1E8}.Debug|x64.ActiveCfg = Debug|Any CPU
		{06C2678A-6EA7-4D1D-8BCB-E62966A8D1E8}.Debug|x64.Build.0 = Debug|Any CPU
		{06C2678A-6EA7-4D1D-8BCB-E62966A8D1E8}.Debug|x86.ActiveCfg = Debug|Any CPU
		{06C2678A-6EA7-4D1D-8BCB-E62966A8D1E8}.Debug|x86.Build.0 = Debug|Any CPU
		{06C2678A-6EA7-4D1D-8BCB-E62966A8D1E8}.Release|Any CPU.ActiveCfg = Release|Any CPU
		{06C2678A-6EA7-4D1D-8BCB-E62966A8D1E8}.Release|Any CPU.Build.0 = Release|Any CPU
		{06C2678A-6EA7-4D1D-8BCB-E62966A8D1E8}.Release|x64.ActiveCfg = Release|Any CPU
		{06C2678A-6EA7-4D1D-8BCB-E62966A8D1E8}.Release|x64.Build.0 = Release|Any CPU
		{06C2678A-6EA7-4D1D-8BCB-E62966A8D1E8}.Release|x86.ActiveCfg = Release|Any CPU
		{06C2678A-6EA7-4D1D-8BCB-E62966A8D1E8}.Release|x86.Build.0 = Release|Any CPU
		{B7D11765-3F9D-4FFE-8D52-8AFF6F9A9099}.Debug|Any CPU.ActiveCfg = Debug|Any CPU
		{B7D11765-3F9D-4FFE-8D52-8AFF6F9A9099}.Debug|Any CPU.Build.0 = Debug|Any CPU
		{B7D11765-3F9D-4FFE-8D52-8AFF6F9A9099}.Debug|x64.ActiveCfg = Debug|Any CPU
		{B7D11765-3F9D-4FFE-8D52-8AFF6F9A9099}.Debug|x64.Build.0 = Debug|Any CPU
		{B7D11765-3F9D-4FFE-8D52-8AFF6F9A9099}.Debug|x86.ActiveCfg = Debug|Any CPU
		{B7D11765-3F9D-4FFE-8D52-8AFF6F9A9099}.Debug|x86.Build.0 = Debug|Any CPU
		{B7D11765-3F9D-4FFE-8D52-8AFF6F9A9099}.Release|Any CPU.ActiveCfg = Release|Any CPU
		{B7D11765-3F9D-4FFE-8D52-8AFF6F9A9099}.Release|Any CPU.Build.0 = Release|Any CPU
		{B7D11765-3F9D-4FFE-8D52-8AFF6F9A9099}.Release|x64.ActiveCfg = Release|Any CPU
		{B7D11765-3F9D-4FFE-8D52-8AFF6F9A9099}.Release|x64.Build.0 = Release|Any CPU
		{B7D11765-3F9D-4FFE-8D52-8AFF6F9A9099}.Release|x86.ActiveCfg = Release|Any CPU
		{B7D11765-3F9D-4FFE-8D52-8AFF6F9A9099}.Release|x86.Build.0 = Release|Any CPU
		{A41DF4EA-0DCF-4505-8D2D-5D930CB76009}.Debug|Any CPU.ActiveCfg = Debug|Any CPU
		{A41DF4EA-0DCF-4505-8D2D-5D930CB76009}.Debug|Any CPU.Build.0 = Debug|Any CPU
		{A41DF4EA-0DCF-4505-8D2D-5D930CB76009}.Debug|x64.ActiveCfg = Debug|Any CPU
		{A41DF4EA-0DCF-4505-8D2D-5D930CB76009}.Debug|x64.Build.0 = Debug|Any CPU
		{A41DF4EA-0DCF-4505-8D2D-5D930CB76009}.Debug|x86.ActiveCfg = Debug|Any CPU
		{A41DF4EA-0DCF-4505-8D2D-5D930CB76009}.Debug|x86.Build.0 = Debug|Any CPU
		{A41DF4EA-0DCF-4505-8D2D-5D930CB76009}.Release|Any CPU.ActiveCfg = Release|Any CPU
		{A41DF4EA-0DCF-4505-8D2D-5D930CB76009}.Release|Any CPU.Build.0 = Release|Any CPU
		{A41DF4EA-0DCF-4505-8D2D-5D930CB76009}.Release|x64.ActiveCfg = Release|Any CPU
		{A41DF4EA-0DCF-4505-8D2D-5D930CB76009}.Release|x64.Build.0 = Release|Any CPU
		{A41DF4EA-0DCF-4505-8D2D-5D930CB76009}.Release|x86.ActiveCfg = Release|Any CPU
		{A41DF4EA-0DCF-4505-8D2D-5D930CB76009}.Release|x86.Build.0 = Release|Any CPU
		{C1B9D83E-8F9B-42BF-B6B4-51AA7F97CF36}.Debug|Any CPU.ActiveCfg = Debug|Any CPU
		{C1B9D83E-8F9B-42BF-B6B4-51AA7F97CF36}.Debug|Any CPU.Build.0 = Debug|Any CPU
		{C1B9D83E-8F9B-42BF-B6B4-51AA7F97CF36}.Debug|x64.ActiveCfg = Debug|Any CPU
		{C1B9D83E-8F9B-42BF-B6B4-51AA7F97CF36}.Debug|x64.Build.0 = Debug|Any CPU
		{C1B9D83E-8F9B-42BF-B6B4-51AA7F97CF36}.Debug|x86.ActiveCfg = Debug|Any CPU
		{C1B9D83E-8F9B-42BF-B6B4-51AA7F97CF36}.Debug|x86.Build.0 = Debug|Any CPU
		{C1B9D83E-8F9B-42BF-B6B4-51AA7F97CF36}.Release|Any CPU.ActiveCfg = Release|Any CPU
		{C1B9D83E-8F9B-42BF-B6B4-51AA7F97CF36}.Release|Any CPU.Build.0 = Release|Any CPU
		{C1B9D83E-8F9B-42BF-B6B4-51AA7F97CF36}.Release|x64.ActiveCfg = Release|Any CPU
		{C1B9D83E-8F9B-42BF-B6B4-51AA7F97CF36}.Release|x64.Build.0 = Release|Any CPU
		{C1B9D83E-8F9B-42BF-B6B4-51AA7F97CF36}.Release|x86.ActiveCfg = Release|Any CPU
		{C1B9D83E-8F9B-42BF-B6B4-51AA7F97CF36}.Release|x86.Build.0 = Release|Any CPU
		{565EFDEF-0983-4E07-A2EA-6CA01E36002A}.Debug|Any CPU.ActiveCfg = Debug|Any CPU
		{565EFDEF-0983-4E07-A2EA-6CA01E36002A}.Debug|Any CPU.Build.0 = Debug|Any CPU
		{565EFDEF-0983-4E07-A2EA-6CA01E36002A}.Debug|x64.ActiveCfg = Debug|Any CPU
		{565EFDEF-0983-4E07-A2EA-6CA01E36002A}.Debug|x64.Build.0 = Debug|Any CPU
		{565EFDEF-0983-4E07-A2EA-6CA01E36002A}.Debug|x86.ActiveCfg = Debug|Any CPU
		{565EFDEF-0983-4E07-A2EA-6CA01E36002A}.Debug|x86.Build.0 = Debug|Any CPU
		{565EFDEF-0983-4E07-A2EA-6CA01E36002A}.Release|Any CPU.ActiveCfg = Release|Any CPU
		{565EFDEF-0983-4E07-A2EA-6CA01E36002A}.Release|Any CPU.Build.0 = Release|Any CPU
		{565EFDEF-0983-4E07-A2EA-6CA01E36002A}.Release|x64.ActiveCfg = Release|Any CPU
		{565EFDEF-0983-4E07-A2EA-6CA01E36002A}.Release|x64.Build.0 = Release|Any CPU
		{565EFDEF-0983-4E07-A2EA-6CA01E36002A}.Release|x86.ActiveCfg = Release|Any CPU
		{565EFDEF-0983-4E07-A2EA-6CA01E36002A}.Release|x86.Build.0 = Release|Any CPU
		{509A2AD1-2D8C-4A6C-B971-3B3ED7C7EBF1}.Debug|Any CPU.ActiveCfg = Debug|Any CPU
		{509A2AD1-2D8C-4A6C-B971-3B3ED7C7EBF1}.Debug|Any CPU.Build.0 = Debug|Any CPU
		{509A2AD1-2D8C-4A6C-B971-3B3ED7C7EBF1}.Debug|x64.ActiveCfg = Debug|Any CPU
		{509A2AD1-2D8C-4A6C-B971-3B3ED7C7EBF1}.Debug|x64.Build.0 = Debug|Any CPU
		{509A2AD1-2D8C-4A6C-B971-3B3ED7C7EBF1}.Debug|x86.ActiveCfg = Debug|Any CPU
		{509A2AD1-2D8C-4A6C-B971-3B3ED7C7EBF1}.Debug|x86.Build.0 = Debug|Any CPU
		{509A2AD1-2D8C-4A6C-B971-3B3ED7C7EBF1}.Release|Any CPU.ActiveCfg = Release|Any CPU
		{509A2AD1-2D8C-4A6C-B971-3B3ED7C7EBF1}.Release|Any CPU.Build.0 = Release|Any CPU
		{509A2AD1-2D8C-4A6C-B971-3B3ED7C7EBF1}.Release|x64.ActiveCfg = Release|Any CPU
		{509A2AD1-2D8C-4A6C-B971-3B3ED7C7EBF1}.Release|x64.Build.0 = Release|Any CPU
		{509A2AD1-2D8C-4A6C-B971-3B3ED7C7EBF1}.Release|x86.ActiveCfg = Release|Any CPU
		{509A2AD1-2D8C-4A6C-B971-3B3ED7C7EBF1}.Release|x86.Build.0 = Release|Any CPU
		{FB27C3F5-3725-406A-AD6D-F5DA7F78A99D}.Debug|Any CPU.ActiveCfg = Debug|Any CPU
		{FB27C3F5-3725-406A-AD6D-F5DA7F78A99D}.Debug|Any CPU.Build.0 = Debug|Any CPU
		{FB27C3F5-3725-406A-AD6D-F5DA7F78A99D}.Debug|x64.ActiveCfg = Debug|Any CPU
		{FB27C3F5-3725-406A-AD6D-F5DA7F78A99D}.Debug|x64.Build.0 = Debug|Any CPU
		{FB27C3F5-3725-406A-AD6D-F5DA7F78A99D}.Debug|x86.ActiveCfg = Debug|Any CPU
		{FB27C3F5-3725-406A-AD6D-F5DA7F78A99D}.Debug|x86.Build.0 = Debug|Any CPU
		{FB27C3F5-3725-406A-AD6D-F5DA7F78A99D}.Release|Any CPU.ActiveCfg = Release|Any CPU
		{FB27C3F5-3725-406A-AD6D-F5DA7F78A99D}.Release|Any CPU.Build.0 = Release|Any CPU
		{FB27C3F5-3725-406A-AD6D-F5DA7F78A99D}.Release|x64.ActiveCfg = Release|Any CPU
		{FB27C3F5-3725-406A-AD6D-F5DA7F78A99D}.Release|x64.Build.0 = Release|Any CPU
		{FB27C3F5-3725-406A-AD6D-F5DA7F78A99D}.Release|x86.ActiveCfg = Release|Any CPU
		{FB27C3F5-3725-406A-AD6D-F5DA7F78A99D}.Release|x86.Build.0 = Release|Any CPU
		{882A6B55-BCEE-427F-8B25-B66561BAA612}.Debug|Any CPU.ActiveCfg = Debug|Any CPU
		{882A6B55-BCEE-427F-8B25-B66561BAA612}.Debug|Any CPU.Build.0 = Debug|Any CPU
		{882A6B55-BCEE-427F-8B25-B66561BAA612}.Debug|x64.ActiveCfg = Debug|Any CPU
		{882A6B55-BCEE-427F-8B25-B66561BAA612}.Debug|x64.Build.0 = Debug|Any CPU
		{882A6B55-BCEE-427F-8B25-B66561BAA612}.Debug|x86.ActiveCfg = Debug|Any CPU
		{882A6B55-BCEE-427F-8B25-B66561BAA612}.Debug|x86.Build.0 = Debug|Any CPU
		{882A6B55-BCEE-427F-8B25-B66561BAA612}.Release|Any CPU.ActiveCfg = Release|Any CPU
		{882A6B55-BCEE-427F-8B25-B66561BAA612}.Release|Any CPU.Build.0 = Release|Any CPU
		{882A6B55-BCEE-427F-8B25-B66561BAA612}.Release|x64.ActiveCfg = Release|Any CPU
		{882A6B55-BCEE-427F-8B25-B66561BAA612}.Release|x64.Build.0 = Release|Any CPU
		{882A6B55-BCEE-427F-8B25-B66561BAA612}.Release|x86.ActiveCfg = Release|Any CPU
		{882A6B55-BCEE-427F-8B25-B66561BAA612}.Release|x86.Build.0 = Release|Any CPU
		{D7F37BDB-227E-4104-B628-3466EBD21AC1}.Debug|Any CPU.ActiveCfg = Debug|Any CPU
		{D7F37BDB-227E-4104-B628-3466EBD21AC1}.Debug|Any CPU.Build.0 = Debug|Any CPU
		{D7F37BDB-227E-4104-B628-3466EBD21AC1}.Debug|x64.ActiveCfg = Debug|Any CPU
		{D7F37BDB-227E-4104-B628-3466EBD21AC1}.Debug|x64.Build.0 = Debug|Any CPU
		{D7F37BDB-227E-4104-B628-3466EBD21AC1}.Debug|x86.ActiveCfg = Debug|Any CPU
		{D7F37BDB-227E-4104-B628-3466EBD21AC1}.Debug|x86.Build.0 = Debug|Any CPU
		{D7F37BDB-227E-4104-B628-3466EBD21AC1}.Release|Any CPU.ActiveCfg = Release|Any CPU
		{D7F37BDB-227E-4104-B628-3466EBD21AC1}.Release|Any CPU.Build.0 = Release|Any CPU
		{D7F37BDB-227E-4104-B628-3466EBD21AC1}.Release|x64.ActiveCfg = Release|Any CPU
		{D7F37BDB-227E-4104-B628-3466EBD21AC1}.Release|x64.Build.0 = Release|Any CPU
		{D7F37BDB-227E-4104-B628-3466EBD21AC1}.Release|x86.ActiveCfg = Release|Any CPU
		{D7F37BDB-227E-4104-B628-3466EBD21AC1}.Release|x86.Build.0 = Release|Any CPU
		{6F2A8210-67A1-445A-A5B3-8084E5D5DC58}.Debug|Any CPU.ActiveCfg = Debug|Any CPU
		{6F2A8210-67A1-445A-A5B3-8084E5D5DC58}.Debug|Any CPU.Build.0 = Debug|Any CPU
		{6F2A8210-67A1-445A-A5B3-8084E5D5DC58}.Debug|x64.ActiveCfg = Debug|Any CPU
		{6F2A8210-67A1-445A-A5B3-8084E5D5DC58}.Debug|x64.Build.0 = Debug|Any CPU
		{6F2A8210-67A1-445A-A5B3-8084E5D5DC58}.Debug|x86.ActiveCfg = Debug|Any CPU
		{6F2A8210-67A1-445A-A5B3-8084E5D5DC58}.Debug|x86.Build.0 = Debug|Any CPU
		{6F2A8210-67A1-445A-A5B3-8084E5D5DC58}.Release|Any CPU.ActiveCfg = Release|Any CPU
		{6F2A8210-67A1-445A-A5B3-8084E5D5DC58}.Release|Any CPU.Build.0 = Release|Any CPU
		{6F2A8210-67A1-445A-A5B3-8084E5D5DC58}.Release|x64.ActiveCfg = Release|Any CPU
		{6F2A8210-67A1-445A-A5B3-8084E5D5DC58}.Release|x64.Build.0 = Release|Any CPU
		{6F2A8210-67A1-445A-A5B3-8084E5D5DC58}.Release|x86.ActiveCfg = Release|Any CPU
		{6F2A8210-67A1-445A-A5B3-8084E5D5DC58}.Release|x86.Build.0 = Release|Any CPU
		{0FB24261-9A83-4B70-BF3C-35DE817AAA8D}.Debug|Any CPU.ActiveCfg = Debug|Any CPU
		{0FB24261-9A83-4B70-BF3C-35DE817AAA8D}.Debug|Any CPU.Build.0 = Debug|Any CPU
		{0FB24261-9A83-4B70-BF3C-35DE817AAA8D}.Debug|x64.ActiveCfg = Debug|Any CPU
		{0FB24261-9A83-4B70-BF3C-35DE817AAA8D}.Debug|x64.Build.0 = Debug|Any CPU
		{0FB24261-9A83-4B70-BF3C-35DE817AAA8D}.Debug|x86.ActiveCfg = Debug|Any CPU
		{0FB24261-9A83-4B70-BF3C-35DE817AAA8D}.Debug|x86.Build.0 = Debug|Any CPU
		{0FB24261-9A83-4B70-BF3C-35DE817AAA8D}.Release|Any CPU.ActiveCfg = Release|Any CPU
		{0FB24261-9A83-4B70-BF3C-35DE817AAA8D}.Release|Any CPU.Build.0 = Release|Any CPU
		{0FB24261-9A83-4B70-BF3C-35DE817AAA8D}.Release|x64.ActiveCfg = Release|Any CPU
		{0FB24261-9A83-4B70-BF3C-35DE817AAA8D}.Release|x64.Build.0 = Release|Any CPU
		{0FB24261-9A83-4B70-BF3C-35DE817AAA8D}.Release|x86.ActiveCfg = Release|Any CPU
		{0FB24261-9A83-4B70-BF3C-35DE817AAA8D}.Release|x86.Build.0 = Release|Any CPU
		{6F35B67C-811C-4D40-8701-C1083F93F0D3}.Debug|Any CPU.ActiveCfg = Debug|Any CPU
		{6F35B67C-811C-4D40-8701-C1083F93F0D3}.Debug|Any CPU.Build.0 = Debug|Any CPU
		{6F35B67C-811C-4D40-8701-C1083F93F0D3}.Debug|x64.ActiveCfg = Debug|Any CPU
		{6F35B67C-811C-4D40-8701-C1083F93F0D3}.Debug|x64.Build.0 = Debug|Any CPU
		{6F35B67C-811C-4D40-8701-C1083F93F0D3}.Debug|x86.ActiveCfg = Debug|Any CPU
		{6F35B67C-811C-4D40-8701-C1083F93F0D3}.Debug|x86.Build.0 = Debug|Any CPU
		{6F35B67C-811C-4D40-8701-C1083F93F0D3}.Release|Any CPU.ActiveCfg = Release|Any CPU
		{6F35B67C-811C-4D40-8701-C1083F93F0D3}.Release|Any CPU.Build.0 = Release|Any CPU
		{6F35B67C-811C-4D40-8701-C1083F93F0D3}.Release|x64.ActiveCfg = Release|Any CPU
		{6F35B67C-811C-4D40-8701-C1083F93F0D3}.Release|x64.Build.0 = Release|Any CPU
		{6F35B67C-811C-4D40-8701-C1083F93F0D3}.Release|x86.ActiveCfg = Release|Any CPU
		{6F35B67C-811C-4D40-8701-C1083F93F0D3}.Release|x86.Build.0 = Release|Any CPU
		{6D3CE0A7-DC25-4405-9522-424B593FD6E7}.Debug|Any CPU.ActiveCfg = Debug|Any CPU
		{6D3CE0A7-DC25-4405-9522-424B593FD6E7}.Debug|Any CPU.Build.0 = Debug|Any CPU
		{6D3CE0A7-DC25-4405-9522-424B593FD6E7}.Debug|x64.ActiveCfg = Debug|Any CPU
		{6D3CE0A7-DC25-4405-9522-424B593FD6E7}.Debug|x64.Build.0 = Debug|Any CPU
		{6D3CE0A7-DC25-4405-9522-424B593FD6E7}.Debug|x86.ActiveCfg = Debug|Any CPU
		{6D3CE0A7-DC25-4405-9522-424B593FD6E7}.Debug|x86.Build.0 = Debug|Any CPU
		{6D3CE0A7-DC25-4405-9522-424B593FD6E7}.Release|Any CPU.ActiveCfg = Release|Any CPU
		{6D3CE0A7-DC25-4405-9522-424B593FD6E7}.Release|Any CPU.Build.0 = Release|Any CPU
		{6D3CE0A7-DC25-4405-9522-424B593FD6E7}.Release|x64.ActiveCfg = Release|Any CPU
		{6D3CE0A7-DC25-4405-9522-424B593FD6E7}.Release|x64.Build.0 = Release|Any CPU
		{6D3CE0A7-DC25-4405-9522-424B593FD6E7}.Release|x86.ActiveCfg = Release|Any CPU
		{6D3CE0A7-DC25-4405-9522-424B593FD6E7}.Release|x86.Build.0 = Release|Any CPU
		{16DD333E-89A1-4840-9589-B1DF99F89956}.Debug|Any CPU.ActiveCfg = Debug|Any CPU
		{16DD333E-89A1-4840-9589-B1DF99F89956}.Debug|Any CPU.Build.0 = Debug|Any CPU
		{16DD333E-89A1-4840-9589-B1DF99F89956}.Debug|x64.ActiveCfg = Debug|Any CPU
		{16DD333E-89A1-4840-9589-B1DF99F89956}.Debug|x64.Build.0 = Debug|Any CPU
		{16DD333E-89A1-4840-9589-B1DF99F89956}.Debug|x86.ActiveCfg = Debug|Any CPU
		{16DD333E-89A1-4840-9589-B1DF99F89956}.Debug|x86.Build.0 = Debug|Any CPU
		{16DD333E-89A1-4840-9589-B1DF99F89956}.Release|Any CPU.ActiveCfg = Release|Any CPU
		{16DD333E-89A1-4840-9589-B1DF99F89956}.Release|Any CPU.Build.0 = Release|Any CPU
		{16DD333E-89A1-4840-9589-B1DF99F89956}.Release|x64.ActiveCfg = Release|Any CPU
		{16DD333E-89A1-4840-9589-B1DF99F89956}.Release|x64.Build.0 = Release|Any CPU
		{16DD333E-89A1-4840-9589-B1DF99F89956}.Release|x86.ActiveCfg = Release|Any CPU
		{16DD333E-89A1-4840-9589-B1DF99F89956}.Release|x86.Build.0 = Release|Any CPU
		{0E80A55C-8B79-45E3-860F-B83B54D47429}.Debug|Any CPU.ActiveCfg = Debug|Any CPU
		{0E80A55C-8B79-45E3-860F-B83B54D47429}.Debug|Any CPU.Build.0 = Debug|Any CPU
		{0E80A55C-8B79-45E3-860F-B83B54D47429}.Debug|x64.ActiveCfg = Debug|Any CPU
		{0E80A55C-8B79-45E3-860F-B83B54D47429}.Debug|x64.Build.0 = Debug|Any CPU
		{0E80A55C-8B79-45E3-860F-B83B54D47429}.Debug|x86.ActiveCfg = Debug|Any CPU
		{0E80A55C-8B79-45E3-860F-B83B54D47429}.Debug|x86.Build.0 = Debug|Any CPU
		{0E80A55C-8B79-45E3-860F-B83B54D47429}.Release|Any CPU.ActiveCfg = Release|Any CPU
		{0E80A55C-8B79-45E3-860F-B83B54D47429}.Release|Any CPU.Build.0 = Release|Any CPU
		{0E80A55C-8B79-45E3-860F-B83B54D47429}.Release|x64.ActiveCfg = Release|Any CPU
		{0E80A55C-8B79-45E3-860F-B83B54D47429}.Release|x64.Build.0 = Release|Any CPU
		{0E80A55C-8B79-45E3-860F-B83B54D47429}.Release|x86.ActiveCfg = Release|Any CPU
		{0E80A55C-8B79-45E3-860F-B83B54D47429}.Release|x86.Build.0 = Release|Any CPU
		{C999D35A-A3F8-43A5-B1B6-45605CC6329E}.Debug|Any CPU.ActiveCfg = Debug|Any CPU
		{C999D35A-A3F8-43A5-B1B6-45605CC6329E}.Debug|Any CPU.Build.0 = Debug|Any CPU
		{C999D35A-A3F8-43A5-B1B6-45605CC6329E}.Debug|x64.ActiveCfg = Debug|Any CPU
		{C999D35A-A3F8-43A5-B1B6-45605CC6329E}.Debug|x64.Build.0 = Debug|Any CPU
		{C999D35A-A3F8-43A5-B1B6-45605CC6329E}.Debug|x86.ActiveCfg = Debug|Any CPU
		{C999D35A-A3F8-43A5-B1B6-45605CC6329E}.Debug|x86.Build.0 = Debug|Any CPU
		{C999D35A-A3F8-43A5-B1B6-45605CC6329E}.Release|Any CPU.ActiveCfg = Release|Any CPU
		{C999D35A-A3F8-43A5-B1B6-45605CC6329E}.Release|Any CPU.Build.0 = Release|Any CPU
		{C999D35A-A3F8-43A5-B1B6-45605CC6329E}.Release|x64.ActiveCfg = Release|Any CPU
		{C999D35A-A3F8-43A5-B1B6-45605CC6329E}.Release|x64.Build.0 = Release|Any CPU
		{C999D35A-A3F8-43A5-B1B6-45605CC6329E}.Release|x86.ActiveCfg = Release|Any CPU
		{C999D35A-A3F8-43A5-B1B6-45605CC6329E}.Release|x86.Build.0 = Release|Any CPU
		{A33CD7AF-FB8C-4374-B14D-AD67E882FAA2}.Debug|Any CPU.ActiveCfg = Debug|Any CPU
		{A33CD7AF-FB8C-4374-B14D-AD67E882FAA2}.Debug|Any CPU.Build.0 = Debug|Any CPU
		{A33CD7AF-FB8C-4374-B14D-AD67E882FAA2}.Debug|x64.ActiveCfg = Debug|Any CPU
		{A33CD7AF-FB8C-4374-B14D-AD67E882FAA2}.Debug|x64.Build.0 = Debug|Any CPU
		{A33CD7AF-FB8C-4374-B14D-AD67E882FAA2}.Debug|x86.ActiveCfg = Debug|Any CPU
		{A33CD7AF-FB8C-4374-B14D-AD67E882FAA2}.Debug|x86.Build.0 = Debug|Any CPU
		{A33CD7AF-FB8C-4374-B14D-AD67E882FAA2}.Release|Any CPU.ActiveCfg = Release|Any CPU
		{A33CD7AF-FB8C-4374-B14D-AD67E882FAA2}.Release|Any CPU.Build.0 = Release|Any CPU
		{A33CD7AF-FB8C-4374-B14D-AD67E882FAA2}.Release|x64.ActiveCfg = Release|Any CPU
		{A33CD7AF-FB8C-4374-B14D-AD67E882FAA2}.Release|x64.Build.0 = Release|Any CPU
		{A33CD7AF-FB8C-4374-B14D-AD67E882FAA2}.Release|x86.ActiveCfg = Release|Any CPU
		{A33CD7AF-FB8C-4374-B14D-AD67E882FAA2}.Release|x86.Build.0 = Release|Any CPU
		{E4FF5C5E-8281-4B22-93D3-FEEA6C9FC4F9}.Debug|Any CPU.ActiveCfg = Debug|Any CPU
		{E4FF5C5E-8281-4B22-93D3-FEEA6C9FC4F9}.Debug|Any CPU.Build.0 = Debug|Any CPU
		{E4FF5C5E-8281-4B22-93D3-FEEA6C9FC4F9}.Debug|x64.ActiveCfg = Debug|Any CPU
		{E4FF5C5E-8281-4B22-93D3-FEEA6C9FC4F9}.Debug|x64.Build.0 = Debug|Any CPU
		{E4FF5C5E-8281-4B22-93D3-FEEA6C9FC4F9}.Debug|x86.ActiveCfg = Debug|Any CPU
		{E4FF5C5E-8281-4B22-93D3-FEEA6C9FC4F9}.Debug|x86.Build.0 = Debug|Any CPU
		{E4FF5C5E-8281-4B22-93D3-FEEA6C9FC4F9}.Release|Any CPU.ActiveCfg = Release|Any CPU
		{E4FF5C5E-8281-4B22-93D3-FEEA6C9FC4F9}.Release|Any CPU.Build.0 = Release|Any CPU
		{E4FF5C5E-8281-4B22-93D3-FEEA6C9FC4F9}.Release|x64.ActiveCfg = Release|Any CPU
		{E4FF5C5E-8281-4B22-93D3-FEEA6C9FC4F9}.Release|x64.Build.0 = Release|Any CPU
		{E4FF5C5E-8281-4B22-93D3-FEEA6C9FC4F9}.Release|x86.ActiveCfg = Release|Any CPU
		{E4FF5C5E-8281-4B22-93D3-FEEA6C9FC4F9}.Release|x86.Build.0 = Release|Any CPU
		{E074C75D-FB61-4DA2-8F81-40761410A025}.Debug|Any CPU.ActiveCfg = Debug|Any CPU
		{E074C75D-FB61-4DA2-8F81-40761410A025}.Debug|Any CPU.Build.0 = Debug|Any CPU
		{E074C75D-FB61-4DA2-8F81-40761410A025}.Debug|x64.ActiveCfg = Debug|Any CPU
		{E074C75D-FB61-4DA2-8F81-40761410A025}.Debug|x64.Build.0 = Debug|Any CPU
		{E074C75D-FB61-4DA2-8F81-40761410A025}.Debug|x86.ActiveCfg = Debug|Any CPU
		{E074C75D-FB61-4DA2-8F81-40761410A025}.Debug|x86.Build.0 = Debug|Any CPU
		{E074C75D-FB61-4DA2-8F81-40761410A025}.Release|Any CPU.ActiveCfg = Release|Any CPU
		{E074C75D-FB61-4DA2-8F81-40761410A025}.Release|Any CPU.Build.0 = Release|Any CPU
		{E074C75D-FB61-4DA2-8F81-40761410A025}.Release|x64.ActiveCfg = Release|Any CPU
		{E074C75D-FB61-4DA2-8F81-40761410A025}.Release|x64.Build.0 = Release|Any CPU
		{E074C75D-FB61-4DA2-8F81-40761410A025}.Release|x86.ActiveCfg = Release|Any CPU
		{E074C75D-FB61-4DA2-8F81-40761410A025}.Release|x86.Build.0 = Release|Any CPU
		{CCF91DF1-B8F6-4685-B1FF-38217980AC4A}.Debug|Any CPU.ActiveCfg = Debug|Any CPU
		{CCF91DF1-B8F6-4685-B1FF-38217980AC4A}.Debug|Any CPU.Build.0 = Debug|Any CPU
		{CCF91DF1-B8F6-4685-B1FF-38217980AC4A}.Debug|x64.ActiveCfg = Debug|Any CPU
		{CCF91DF1-B8F6-4685-B1FF-38217980AC4A}.Debug|x64.Build.0 = Debug|Any CPU
		{CCF91DF1-B8F6-4685-B1FF-38217980AC4A}.Debug|x86.ActiveCfg = Debug|Any CPU
		{CCF91DF1-B8F6-4685-B1FF-38217980AC4A}.Debug|x86.Build.0 = Debug|Any CPU
		{CCF91DF1-B8F6-4685-B1FF-38217980AC4A}.Release|Any CPU.ActiveCfg = Release|Any CPU
		{CCF91DF1-B8F6-4685-B1FF-38217980AC4A}.Release|Any CPU.Build.0 = Release|Any CPU
		{CCF91DF1-B8F6-4685-B1FF-38217980AC4A}.Release|x64.ActiveCfg = Release|Any CPU
		{CCF91DF1-B8F6-4685-B1FF-38217980AC4A}.Release|x64.Build.0 = Release|Any CPU
		{CCF91DF1-B8F6-4685-B1FF-38217980AC4A}.Release|x86.ActiveCfg = Release|Any CPU
		{CCF91DF1-B8F6-4685-B1FF-38217980AC4A}.Release|x86.Build.0 = Release|Any CPU
		{D7EEADF4-2828-4849-987B-43830C709DEF}.Debug|Any CPU.ActiveCfg = Debug|Any CPU
		{D7EEADF4-2828-4849-987B-43830C709DEF}.Debug|Any CPU.Build.0 = Debug|Any CPU
		{D7EEADF4-2828-4849-987B-43830C709DEF}.Debug|x64.ActiveCfg = Debug|Any CPU
		{D7EEADF4-2828-4849-987B-43830C709DEF}.Debug|x64.Build.0 = Debug|Any CPU
		{D7EEADF4-2828-4849-987B-43830C709DEF}.Debug|x86.ActiveCfg = Debug|Any CPU
		{D7EEADF4-2828-4849-987B-43830C709DEF}.Debug|x86.Build.0 = Debug|Any CPU
		{D7EEADF4-2828-4849-987B-43830C709DEF}.Release|Any CPU.ActiveCfg = Release|Any CPU
		{D7EEADF4-2828-4849-987B-43830C709DEF}.Release|Any CPU.Build.0 = Release|Any CPU
		{D7EEADF4-2828-4849-987B-43830C709DEF}.Release|x64.ActiveCfg = Release|Any CPU
		{D7EEADF4-2828-4849-987B-43830C709DEF}.Release|x64.Build.0 = Release|Any CPU
		{D7EEADF4-2828-4849-987B-43830C709DEF}.Release|x86.ActiveCfg = Release|Any CPU
		{D7EEADF4-2828-4849-987B-43830C709DEF}.Release|x86.Build.0 = Release|Any CPU
		{7D5E6C5B-AC72-4A0E-A9A9-62945BDEB2D2}.Debug|Any CPU.ActiveCfg = Debug|Any CPU
		{7D5E6C5B-AC72-4A0E-A9A9-62945BDEB2D2}.Debug|Any CPU.Build.0 = Debug|Any CPU
		{7D5E6C5B-AC72-4A0E-A9A9-62945BDEB2D2}.Debug|x64.ActiveCfg = Debug|Any CPU
		{7D5E6C5B-AC72-4A0E-A9A9-62945BDEB2D2}.Debug|x64.Build.0 = Debug|Any CPU
		{7D5E6C5B-AC72-4A0E-A9A9-62945BDEB2D2}.Debug|x86.ActiveCfg = Debug|Any CPU
		{7D5E6C5B-AC72-4A0E-A9A9-62945BDEB2D2}.Debug|x86.Build.0 = Debug|Any CPU
		{7D5E6C5B-AC72-4A0E-A9A9-62945BDEB2D2}.Release|Any CPU.ActiveCfg = Release|Any CPU
		{7D5E6C5B-AC72-4A0E-A9A9-62945BDEB2D2}.Release|Any CPU.Build.0 = Release|Any CPU
		{7D5E6C5B-AC72-4A0E-A9A9-62945BDEB2D2}.Release|x64.ActiveCfg = Release|Any CPU
		{7D5E6C5B-AC72-4A0E-A9A9-62945BDEB2D2}.Release|x64.Build.0 = Release|Any CPU
		{7D5E6C5B-AC72-4A0E-A9A9-62945BDEB2D2}.Release|x86.ActiveCfg = Release|Any CPU
		{7D5E6C5B-AC72-4A0E-A9A9-62945BDEB2D2}.Release|x86.Build.0 = Release|Any CPU
		{3F402EC6-9EA9-498E-8394-CECB97D7B669}.Debug|Any CPU.ActiveCfg = Debug|Any CPU
		{3F402EC6-9EA9-498E-8394-CECB97D7B669}.Debug|Any CPU.Build.0 = Debug|Any CPU
		{3F402EC6-9EA9-498E-8394-CECB97D7B669}.Debug|x64.ActiveCfg = Debug|Any CPU
		{3F402EC6-9EA9-498E-8394-CECB97D7B669}.Debug|x64.Build.0 = Debug|Any CPU
		{3F402EC6-9EA9-498E-8394-CECB97D7B669}.Debug|x86.ActiveCfg = Debug|Any CPU
		{3F402EC6-9EA9-498E-8394-CECB97D7B669}.Debug|x86.Build.0 = Debug|Any CPU
		{3F402EC6-9EA9-498E-8394-CECB97D7B669}.Release|Any CPU.ActiveCfg = Release|Any CPU
		{3F402EC6-9EA9-498E-8394-CECB97D7B669}.Release|Any CPU.Build.0 = Release|Any CPU
		{3F402EC6-9EA9-498E-8394-CECB97D7B669}.Release|x64.ActiveCfg = Release|Any CPU
		{3F402EC6-9EA9-498E-8394-CECB97D7B669}.Release|x64.Build.0 = Release|Any CPU
		{3F402EC6-9EA9-498E-8394-CECB97D7B669}.Release|x86.ActiveCfg = Release|Any CPU
		{3F402EC6-9EA9-498E-8394-CECB97D7B669}.Release|x86.Build.0 = Release|Any CPU
	EndGlobalSection
	GlobalSection(SolutionProperties) = preSolution
		HideSolutionNode = FALSE
	EndGlobalSection
	GlobalSection(ExtensibilityGlobals) = postSolution
		SolutionGuid = {175463D2-5F8E-43C6-AFA8-FADB09CAE643}
	EndGlobalSection
EndGlobal
