
Microsoft Visual Studio Solution File, Format Version 12.00
# Visual Studio Version 17
VisualStudioVersion = 17.2.32630.192
MinimumVisualStudioVersion = 10.0.40219.1
Project("{FAE04EC0-301F-11D3-BF4B-00C04F79EFBC}") = "R5T.B0006.X0004.Construction", "R5T.B0006.X0004.Construction\R5T.B0006.X0004.Construction.csproj", "{1EB20998-D5FD-4782-900B-43159362226A}"
EndProject
Project("{FAE04EC0-301F-11D3-BF4B-00C04F79EFBC}") = "R5T.B0006.X0004", "R5T.B0006.X0004\R5T.B0006.X0004.csproj", "{C0891A05-C063-4CA6-B184-CFA25520B8DB}"
EndProject
Project("{2150E333-8FDC-42A3-9474-1A3956D46DE8}") = "_Dependencies", "_Dependencies", "{5F492BC8-44EF-462C-8339-F5A5530F8191}"
EndProject
Project("{9A19103F-16F7-4668-BE54-9A1E7A4F7556}") = "R5T.B0006.X0001", "..\..\R5T.B0006.X0001\source\R5T.B0006.X0001\R5T.B0006.X0001.csproj", "{F0FC9D6F-3E77-4F8A-8BBF-53075FD528A1}"
EndProject
Project("{9A19103F-16F7-4668-BE54-9A1E7A4F7556}") = "R5T.B0006", "..\..\R5T.B0006\source\R5T.B0006\R5T.B0006.csproj", "{9A7F7E20-264D-44DA-86AC-36C616191AA1}"
EndProject
Project("{9A19103F-16F7-4668-BE54-9A1E7A4F7556}") = "R5T.B0007.X0001", "..\..\R5T.B0007.X0001\source\R5T.B0007.X0001\R5T.B0007.X0001.csproj", "{85980D51-C55E-4FE4-B81A-B6C8E982AC12}"
EndProject
Project("{9A19103F-16F7-4668-BE54-9A1E7A4F7556}") = "R5T.B0007.X0002", "..\..\R5T.B0007.X0002\source\R5T.B0007.X0002\R5T.B0007.X0002.csproj", "{83115941-C633-4F62-A638-CAB52177E669}"
EndProject
Project("{9A19103F-16F7-4668-BE54-9A1E7A4F7556}") = "R5T.B0007", "..\..\R5T.B0007\source\R5T.B0007\R5T.B0007.csproj", "{5A7EEA1F-5D88-418D-9020-9ECB2C1035CF}"
EndProject
Project("{9A19103F-16F7-4668-BE54-9A1E7A4F7556}") = "R5T.F0000", "..\..\R5T.F0000\source\R5T.F0000\R5T.F0000.csproj", "{4D3BFF11-FF15-4E52-8EF8-1AB4B17AA957}"
EndProject
Project("{9A19103F-16F7-4668-BE54-9A1E7A4F7556}") = "R5T.F0003", "..\..\R5T.F0003\source\R5T.F0003\R5T.F0003.csproj", "{9EC76971-14A5-4656-A42B-1D66A9405EA8}"
EndProject
Project("{9A19103F-16F7-4668-BE54-9A1E7A4F7556}") = "R5T.F0004", "..\..\R5T.F0004\source\R5T.F0004\R5T.F0004.csproj", "{03569616-C766-4DFD-8861-4EAF5ECE847D}"
EndProject
Project("{9A19103F-16F7-4668-BE54-9A1E7A4F7556}") = "R5T.F0007", "..\..\R5T.F0007\source\R5T.F0007\R5T.F0007.csproj", "{6C214816-D23C-4A09-9EDB-038792640DE9}"
EndProject
Project("{9A19103F-16F7-4668-BE54-9A1E7A4F7556}") = "R5T.F0022", "..\..\R5T.F0022\source\R5T.F0022\R5T.F0022.csproj", "{DDA16C9F-6C2C-45BA-A029-0871699FD0FE}"
EndProject
Project("{9A19103F-16F7-4668-BE54-9A1E7A4F7556}") = "R5T.L0011", "..\..\R5T.L0011\source\R5T.L0011\R5T.L0011.csproj", "{815F333E-8C0D-479E-8E79-125E5562CAF7}"
EndProject
Project("{9A19103F-16F7-4668-BE54-9A1E7A4F7556}") = "R5T.Magyar", "..\..\R5T.Magyar\source\R5T.Magyar\R5T.Magyar.csproj", "{3982FF90-452A-42EE-AE79-B1FB98BA43E6}"
EndProject
Project("{9A19103F-16F7-4668-BE54-9A1E7A4F7556}") = "R5T.T0039.T002", "..\..\R5T.T0039\source\R5T.T0039.T002\R5T.T0039.T002.csproj", "{7F104782-41C5-45F9-B030-9F93AE0E0CB3}"
EndProject
Project("{9A19103F-16F7-4668-BE54-9A1E7A4F7556}") = "R5T.T0131", "..\..\R5T.T0131\source\R5T.T0131\R5T.T0131.csproj", "{9A9DA1C4-78D9-421B-9171-05F9E27C8103}"
EndProject
Project("{9A19103F-16F7-4668-BE54-9A1E7A4F7556}") = "R5T.T0132", "..\..\R5T.T0132\source\R5T.T0132\R5T.T0132.csproj", "{59A0E40D-8DBC-4948-A8CB-12792021E713}"
EndProject
Project("{9A19103F-16F7-4668-BE54-9A1E7A4F7556}") = "R5T.T0136", "..\..\R5T.T0136\source\R5T.T0136\R5T.T0136.csproj", "{9A32A175-599A-4F2F-A2A4-1441DCDC864B}"
EndProject
Project("{9A19103F-16F7-4668-BE54-9A1E7A4F7556}") = "R5T.T0142", "..\..\R5T.T0142\source\R5T.T0142\R5T.T0142.csproj", "{6740DD06-B283-4B76-93ED-E0CC01492C44}"
EndProject
Project("{9A19103F-16F7-4668-BE54-9A1E7A4F7556}") = "R5T.T0143", "..\..\R5T.T0143\source\R5T.T0143\R5T.T0143.csproj", "{5C4F4FAB-AC6E-4817-A8DF-24419054888F}"
EndProject
Project("{9A19103F-16F7-4668-BE54-9A1E7A4F7556}") = "R5T.T0156", "..\..\R5T.T0156\source\R5T.T0156\R5T.T0156.csproj", "{D8A7D2AD-BA24-4FE2-890A-93507BB0734A}"
EndProject
Project("{9A19103F-16F7-4668-BE54-9A1E7A4F7556}") = "R5T.X0005", "..\..\R5T.X0005\source\R5T.X0005\R5T.X0005.csproj", "{FA0E823F-5983-4155-866D-C8438D29BA76}"
EndProject
Project("{9A19103F-16F7-4668-BE54-9A1E7A4F7556}") = "R5T.Y0000", "..\..\R5T.Y0000\source\R5T.Y0000\R5T.Y0000.csproj", "{6BC04985-D005-4C2C-9F25-D3FC62F06942}"
EndProject
Project("{9A19103F-16F7-4668-BE54-9A1E7A4F7556}") = "R5T.Z0000", "..\..\R5T.Z0000\source\R5T.Z0000\R5T.Z0000.csproj", "{3B977D07-1F54-4E71-8774-1D1978CD1F3C}"
EndProject
Project("{9A19103F-16F7-4668-BE54-9A1E7A4F7556}") = "R5T.Z0002", "..\..\R5T.Z0002\source\R5T.Z0002\R5T.Z0002.csproj", "{9391FF18-39BE-48EE-9BF7-1420ABB3FBFC}"
EndProject
Global
	GlobalSection(NestedProjects) = preSolution
		{F0FC9D6F-3E77-4F8A-8BBF-53075FD528A1} = {5F492BC8-44EF-462C-8339-F5A5530F8191}
		{9A7F7E20-264D-44DA-86AC-36C616191AA1} = {5F492BC8-44EF-462C-8339-F5A5530F8191}
		{85980D51-C55E-4FE4-B81A-B6C8E982AC12} = {5F492BC8-44EF-462C-8339-F5A5530F8191}
		{83115941-C633-4F62-A638-CAB52177E669} = {5F492BC8-44EF-462C-8339-F5A5530F8191}
		{5A7EEA1F-5D88-418D-9020-9ECB2C1035CF} = {5F492BC8-44EF-462C-8339-F5A5530F8191}
		{4D3BFF11-FF15-4E52-8EF8-1AB4B17AA957} = {5F492BC8-44EF-462C-8339-F5A5530F8191}
		{9EC76971-14A5-4656-A42B-1D66A9405EA8} = {5F492BC8-44EF-462C-8339-F5A5530F8191}
		{03569616-C766-4DFD-8861-4EAF5ECE847D} = {5F492BC8-44EF-462C-8339-F5A5530F8191}
		{6C214816-D23C-4A09-9EDB-038792640DE9} = {5F492BC8-44EF-462C-8339-F5A5530F8191}
		{DDA16C9F-6C2C-45BA-A029-0871699FD0FE} = {5F492BC8-44EF-462C-8339-F5A5530F8191}
		{815F333E-8C0D-479E-8E79-125E5562CAF7} = {5F492BC8-44EF-462C-8339-F5A5530F8191}
		{3982FF90-452A-42EE-AE79-B1FB98BA43E6} = {5F492BC8-44EF-462C-8339-F5A5530F8191}
		{7F104782-41C5-45F9-B030-9F93AE0E0CB3} = {5F492BC8-44EF-462C-8339-F5A5530F8191}
		{9A9DA1C4-78D9-421B-9171-05F9E27C8103} = {5F492BC8-44EF-462C-8339-F5A5530F8191}
		{59A0E40D-8DBC-4948-A8CB-12792021E713} = {5F492BC8-44EF-462C-8339-F5A5530F8191}
		{9A32A175-599A-4F2F-A2A4-1441DCDC864B} = {5F492BC8-44EF-462C-8339-F5A5530F8191}
		{6740DD06-B283-4B76-93ED-E0CC01492C44} = {5F492BC8-44EF-462C-8339-F5A5530F8191}
		{5C4F4FAB-AC6E-4817-A8DF-24419054888F} = {5F492BC8-44EF-462C-8339-F5A5530F8191}
		{D8A7D2AD-BA24-4FE2-890A-93507BB0734A} = {5F492BC8-44EF-462C-8339-F5A5530F8191}
		{FA0E823F-5983-4155-866D-C8438D29BA76} = {5F492BC8-44EF-462C-8339-F5A5530F8191}
		{6BC04985-D005-4C2C-9F25-D3FC62F06942} = {5F492BC8-44EF-462C-8339-F5A5530F8191}
		{3B977D07-1F54-4E71-8774-1D1978CD1F3C} = {5F492BC8-44EF-462C-8339-F5A5530F8191}
		{9391FF18-39BE-48EE-9BF7-1420ABB3FBFC} = {5F492BC8-44EF-462C-8339-F5A5530F8191}
	EndGlobalSection
	GlobalSection(SolutionConfigurationPlatforms) = preSolution
		Debug|Any CPU = Debug|Any CPU
		Debug|x64 = Debug|x64
		Debug|x86 = Debug|x86
		Release|Any CPU = Release|Any CPU
		Release|x64 = Release|x64
		Release|x86 = Release|x86
	EndGlobalSection
	GlobalSection(ProjectConfigurationPlatforms) = postSolution
		{1EB20998-D5FD-4782-900B-43159362226A}.Debug|Any CPU.ActiveCfg = Debug|Any CPU
		{1EB20998-D5FD-4782-900B-43159362226A}.Debug|Any CPU.Build.0 = Debug|Any CPU
		{1EB20998-D5FD-4782-900B-43159362226A}.Debug|x64.ActiveCfg = Debug|Any CPU
		{1EB20998-D5FD-4782-900B-43159362226A}.Debug|x64.Build.0 = Debug|Any CPU
		{1EB20998-D5FD-4782-900B-43159362226A}.Debug|x86.ActiveCfg = Debug|Any CPU
		{1EB20998-D5FD-4782-900B-43159362226A}.Debug|x86.Build.0 = Debug|Any CPU
		{1EB20998-D5FD-4782-900B-43159362226A}.Release|Any CPU.ActiveCfg = Release|Any CPU
		{1EB20998-D5FD-4782-900B-43159362226A}.Release|Any CPU.Build.0 = Release|Any CPU
		{1EB20998-D5FD-4782-900B-43159362226A}.Release|x64.ActiveCfg = Release|Any CPU
		{1EB20998-D5FD-4782-900B-43159362226A}.Release|x64.Build.0 = Release|Any CPU
		{1EB20998-D5FD-4782-900B-43159362226A}.Release|x86.ActiveCfg = Release|Any CPU
		{1EB20998-D5FD-4782-900B-43159362226A}.Release|x86.Build.0 = Release|Any CPU
		{C0891A05-C063-4CA6-B184-CFA25520B8DB}.Debug|Any CPU.ActiveCfg = Debug|Any CPU
		{C0891A05-C063-4CA6-B184-CFA25520B8DB}.Debug|Any CPU.Build.0 = Debug|Any CPU
		{C0891A05-C063-4CA6-B184-CFA25520B8DB}.Debug|x64.ActiveCfg = Debug|Any CPU
		{C0891A05-C063-4CA6-B184-CFA25520B8DB}.Debug|x64.Build.0 = Debug|Any CPU
		{C0891A05-C063-4CA6-B184-CFA25520B8DB}.Debug|x86.ActiveCfg = Debug|Any CPU
		{C0891A05-C063-4CA6-B184-CFA25520B8DB}.Debug|x86.Build.0 = Debug|Any CPU
		{C0891A05-C063-4CA6-B184-CFA25520B8DB}.Release|Any CPU.ActiveCfg = Release|Any CPU
		{C0891A05-C063-4CA6-B184-CFA25520B8DB}.Release|Any CPU.Build.0 = Release|Any CPU
		{C0891A05-C063-4CA6-B184-CFA25520B8DB}.Release|x64.ActiveCfg = Release|Any CPU
		{C0891A05-C063-4CA6-B184-CFA25520B8DB}.Release|x64.Build.0 = Release|Any CPU
		{C0891A05-C063-4CA6-B184-CFA25520B8DB}.Release|x86.ActiveCfg = Release|Any CPU
		{C0891A05-C063-4CA6-B184-CFA25520B8DB}.Release|x86.Build.0 = Release|Any CPU
		{F0FC9D6F-3E77-4F8A-8BBF-53075FD528A1}.Debug|Any CPU.ActiveCfg = Debug|Any CPU
		{F0FC9D6F-3E77-4F8A-8BBF-53075FD528A1}.Debug|Any CPU.Build.0 = Debug|Any CPU
		{F0FC9D6F-3E77-4F8A-8BBF-53075FD528A1}.Debug|x64.ActiveCfg = Debug|Any CPU
		{F0FC9D6F-3E77-4F8A-8BBF-53075FD528A1}.Debug|x64.Build.0 = Debug|Any CPU
		{F0FC9D6F-3E77-4F8A-8BBF-53075FD528A1}.Debug|x86.ActiveCfg = Debug|Any CPU
		{F0FC9D6F-3E77-4F8A-8BBF-53075FD528A1}.Debug|x86.Build.0 = Debug|Any CPU
		{F0FC9D6F-3E77-4F8A-8BBF-53075FD528A1}.Release|Any CPU.ActiveCfg = Release|Any CPU
		{F0FC9D6F-3E77-4F8A-8BBF-53075FD528A1}.Release|Any CPU.Build.0 = Release|Any CPU
		{F0FC9D6F-3E77-4F8A-8BBF-53075FD528A1}.Release|x64.ActiveCfg = Release|Any CPU
		{F0FC9D6F-3E77-4F8A-8BBF-53075FD528A1}.Release|x64.Build.0 = Release|Any CPU
		{F0FC9D6F-3E77-4F8A-8BBF-53075FD528A1}.Release|x86.ActiveCfg = Release|Any CPU
		{F0FC9D6F-3E77-4F8A-8BBF-53075FD528A1}.Release|x86.Build.0 = Release|Any CPU
		{9A7F7E20-264D-44DA-86AC-36C616191AA1}.Debug|Any CPU.ActiveCfg = Debug|Any CPU
		{9A7F7E20-264D-44DA-86AC-36C616191AA1}.Debug|Any CPU.Build.0 = Debug|Any CPU
		{9A7F7E20-264D-44DA-86AC-36C616191AA1}.Debug|x64.ActiveCfg = Debug|Any CPU
		{9A7F7E20-264D-44DA-86AC-36C616191AA1}.Debug|x64.Build.0 = Debug|Any CPU
		{9A7F7E20-264D-44DA-86AC-36C616191AA1}.Debug|x86.ActiveCfg = Debug|Any CPU
		{9A7F7E20-264D-44DA-86AC-36C616191AA1}.Debug|x86.Build.0 = Debug|Any CPU
		{9A7F7E20-264D-44DA-86AC-36C616191AA1}.Release|Any CPU.ActiveCfg = Release|Any CPU
		{9A7F7E20-264D-44DA-86AC-36C616191AA1}.Release|Any CPU.Build.0 = Release|Any CPU
		{9A7F7E20-264D-44DA-86AC-36C616191AA1}.Release|x64.ActiveCfg = Release|Any CPU
		{9A7F7E20-264D-44DA-86AC-36C616191AA1}.Release|x64.Build.0 = Release|Any CPU
		{9A7F7E20-264D-44DA-86AC-36C616191AA1}.Release|x86.ActiveCfg = Release|Any CPU
		{9A7F7E20-264D-44DA-86AC-36C616191AA1}.Release|x86.Build.0 = Release|Any CPU
		{85980D51-C55E-4FE4-B81A-B6C8E982AC12}.Debug|Any CPU.ActiveCfg = Debug|Any CPU
		{85980D51-C55E-4FE4-B81A-B6C8E982AC12}.Debug|Any CPU.Build.0 = Debug|Any CPU
		{85980D51-C55E-4FE4-B81A-B6C8E982AC12}.Debug|x64.ActiveCfg = Debug|Any CPU
		{85980D51-C55E-4FE4-B81A-B6C8E982AC12}.Debug|x64.Build.0 = Debug|Any CPU
		{85980D51-C55E-4FE4-B81A-B6C8E982AC12}.Debug|x86.ActiveCfg = Debug|Any CPU
		{85980D51-C55E-4FE4-B81A-B6C8E982AC12}.Debug|x86.Build.0 = Debug|Any CPU
		{85980D51-C55E-4FE4-B81A-B6C8E982AC12}.Release|Any CPU.ActiveCfg = Release|Any CPU
		{85980D51-C55E-4FE4-B81A-B6C8E982AC12}.Release|Any CPU.Build.0 = Release|Any CPU
		{85980D51-C55E-4FE4-B81A-B6C8E982AC12}.Release|x64.ActiveCfg = Release|Any CPU
		{85980D51-C55E-4FE4-B81A-B6C8E982AC12}.Release|x64.Build.0 = Release|Any CPU
		{85980D51-C55E-4FE4-B81A-B6C8E982AC12}.Release|x86.ActiveCfg = Release|Any CPU
		{85980D51-C55E-4FE4-B81A-B6C8E982AC12}.Release|x86.Build.0 = Release|Any CPU
		{83115941-C633-4F62-A638-CAB52177E669}.Debug|Any CPU.ActiveCfg = Debug|Any CPU
		{83115941-C633-4F62-A638-CAB52177E669}.Debug|Any CPU.Build.0 = Debug|Any CPU
		{83115941-C633-4F62-A638-CAB52177E669}.Debug|x64.ActiveCfg = Debug|Any CPU
		{83115941-C633-4F62-A638-CAB52177E669}.Debug|x64.Build.0 = Debug|Any CPU
		{83115941-C633-4F62-A638-CAB52177E669}.Debug|x86.ActiveCfg = Debug|Any CPU
		{83115941-C633-4F62-A638-CAB52177E669}.Debug|x86.Build.0 = Debug|Any CPU
		{83115941-C633-4F62-A638-CAB52177E669}.Release|Any CPU.ActiveCfg = Release|Any CPU
		{83115941-C633-4F62-A638-CAB52177E669}.Release|Any CPU.Build.0 = Release|Any CPU
		{83115941-C633-4F62-A638-CAB52177E669}.Release|x64.ActiveCfg = Release|Any CPU
		{83115941-C633-4F62-A638-CAB52177E669}.Release|x64.Build.0 = Release|Any CPU
		{83115941-C633-4F62-A638-CAB52177E669}.Release|x86.ActiveCfg = Release|Any CPU
		{83115941-C633-4F62-A638-CAB52177E669}.Release|x86.Build.0 = Release|Any CPU
		{5A7EEA1F-5D88-418D-9020-9ECB2C1035CF}.Debug|Any CPU.ActiveCfg = Debug|Any CPU
		{5A7EEA1F-5D88-418D-9020-9ECB2C1035CF}.Debug|Any CPU.Build.0 = Debug|Any CPU
		{5A7EEA1F-5D88-418D-9020-9ECB2C1035CF}.Debug|x64.ActiveCfg = Debug|Any CPU
		{5A7EEA1F-5D88-418D-9020-9ECB2C1035CF}.Debug|x64.Build.0 = Debug|Any CPU
		{5A7EEA1F-5D88-418D-9020-9ECB2C1035CF}.Debug|x86.ActiveCfg = Debug|Any CPU
		{5A7EEA1F-5D88-418D-9020-9ECB2C1035CF}.Debug|x86.Build.0 = Debug|Any CPU
		{5A7EEA1F-5D88-418D-9020-9ECB2C1035CF}.Release|Any CPU.ActiveCfg = Release|Any CPU
		{5A7EEA1F-5D88-418D-9020-9ECB2C1035CF}.Release|Any CPU.Build.0 = Release|Any CPU
		{5A7EEA1F-5D88-418D-9020-9ECB2C1035CF}.Release|x64.ActiveCfg = Release|Any CPU
		{5A7EEA1F-5D88-418D-9020-9ECB2C1035CF}.Release|x64.Build.0 = Release|Any CPU
		{5A7EEA1F-5D88-418D-9020-9ECB2C1035CF}.Release|x86.ActiveCfg = Release|Any CPU
		{5A7EEA1F-5D88-418D-9020-9ECB2C1035CF}.Release|x86.Build.0 = Release|Any CPU
		{4D3BFF11-FF15-4E52-8EF8-1AB4B17AA957}.Debug|Any CPU.ActiveCfg = Debug|Any CPU
		{4D3BFF11-FF15-4E52-8EF8-1AB4B17AA957}.Debug|Any CPU.Build.0 = Debug|Any CPU
		{4D3BFF11-FF15-4E52-8EF8-1AB4B17AA957}.Debug|x64.ActiveCfg = Debug|Any CPU
		{4D3BFF11-FF15-4E52-8EF8-1AB4B17AA957}.Debug|x64.Build.0 = Debug|Any CPU
		{4D3BFF11-FF15-4E52-8EF8-1AB4B17AA957}.Debug|x86.ActiveCfg = Debug|Any CPU
		{4D3BFF11-FF15-4E52-8EF8-1AB4B17AA957}.Debug|x86.Build.0 = Debug|Any CPU
		{4D3BFF11-FF15-4E52-8EF8-1AB4B17AA957}.Release|Any CPU.ActiveCfg = Release|Any CPU
		{4D3BFF11-FF15-4E52-8EF8-1AB4B17AA957}.Release|Any CPU.Build.0 = Release|Any CPU
		{4D3BFF11-FF15-4E52-8EF8-1AB4B17AA957}.Release|x64.ActiveCfg = Release|Any CPU
		{4D3BFF11-FF15-4E52-8EF8-1AB4B17AA957}.Release|x64.Build.0 = Release|Any CPU
		{4D3BFF11-FF15-4E52-8EF8-1AB4B17AA957}.Release|x86.ActiveCfg = Release|Any CPU
		{4D3BFF11-FF15-4E52-8EF8-1AB4B17AA957}.Release|x86.Build.0 = Release|Any CPU
		{9EC76971-14A5-4656-A42B-1D66A9405EA8}.Debug|Any CPU.ActiveCfg = Debug|Any CPU
		{9EC76971-14A5-4656-A42B-1D66A9405EA8}.Debug|Any CPU.Build.0 = Debug|Any CPU
		{9EC76971-14A5-4656-A42B-1D66A9405EA8}.Debug|x64.ActiveCfg = Debug|Any CPU
		{9EC76971-14A5-4656-A42B-1D66A9405EA8}.Debug|x64.Build.0 = Debug|Any CPU
		{9EC76971-14A5-4656-A42B-1D66A9405EA8}.Debug|x86.ActiveCfg = Debug|Any CPU
		{9EC76971-14A5-4656-A42B-1D66A9405EA8}.Debug|x86.Build.0 = Debug|Any CPU
		{9EC76971-14A5-4656-A42B-1D66A9405EA8}.Release|Any CPU.ActiveCfg = Release|Any CPU
		{9EC76971-14A5-4656-A42B-1D66A9405EA8}.Release|Any CPU.Build.0 = Release|Any CPU
		{9EC76971-14A5-4656-A42B-1D66A9405EA8}.Release|x64.ActiveCfg = Release|Any CPU
		{9EC76971-14A5-4656-A42B-1D66A9405EA8}.Release|x64.Build.0 = Release|Any CPU
		{9EC76971-14A5-4656-A42B-1D66A9405EA8}.Release|x86.ActiveCfg = Release|Any CPU
		{9EC76971-14A5-4656-A42B-1D66A9405EA8}.Release|x86.Build.0 = Release|Any CPU
		{03569616-C766-4DFD-8861-4EAF5ECE847D}.Debug|Any CPU.ActiveCfg = Debug|Any CPU
		{03569616-C766-4DFD-8861-4EAF5ECE847D}.Debug|Any CPU.Build.0 = Debug|Any CPU
		{03569616-C766-4DFD-8861-4EAF5ECE847D}.Debug|x64.ActiveCfg = Debug|Any CPU
		{03569616-C766-4DFD-8861-4EAF5ECE847D}.Debug|x64.Build.0 = Debug|Any CPU
		{03569616-C766-4DFD-8861-4EAF5ECE847D}.Debug|x86.ActiveCfg = Debug|Any CPU
		{03569616-C766-4DFD-8861-4EAF5ECE847D}.Debug|x86.Build.0 = Debug|Any CPU
		{03569616-C766-4DFD-8861-4EAF5ECE847D}.Release|Any CPU.ActiveCfg = Release|Any CPU
		{03569616-C766-4DFD-8861-4EAF5ECE847D}.Release|Any CPU.Build.0 = Release|Any CPU
		{03569616-C766-4DFD-8861-4EAF5ECE847D}.Release|x64.ActiveCfg = Release|Any CPU
		{03569616-C766-4DFD-8861-4EAF5ECE847D}.Release|x64.Build.0 = Release|Any CPU
		{03569616-C766-4DFD-8861-4EAF5ECE847D}.Release|x86.ActiveCfg = Release|Any CPU
		{03569616-C766-4DFD-8861-4EAF5ECE847D}.Release|x86.Build.0 = Release|Any CPU
		{6C214816-D23C-4A09-9EDB-038792640DE9}.Debug|Any CPU.ActiveCfg = Debug|Any CPU
		{6C214816-D23C-4A09-9EDB-038792640DE9}.Debug|Any CPU.Build.0 = Debug|Any CPU
		{6C214816-D23C-4A09-9EDB-038792640DE9}.Debug|x64.ActiveCfg = Debug|Any CPU
		{6C214816-D23C-4A09-9EDB-038792640DE9}.Debug|x64.Build.0 = Debug|Any CPU
		{6C214816-D23C-4A09-9EDB-038792640DE9}.Debug|x86.ActiveCfg = Debug|Any CPU
		{6C214816-D23C-4A09-9EDB-038792640DE9}.Debug|x86.Build.0 = Debug|Any CPU
		{6C214816-D23C-4A09-9EDB-038792640DE9}.Release|Any CPU.ActiveCfg = Release|Any CPU
		{6C214816-D23C-4A09-9EDB-038792640DE9}.Release|Any CPU.Build.0 = Release|Any CPU
		{6C214816-D23C-4A09-9EDB-038792640DE9}.Release|x64.ActiveCfg = Release|Any CPU
		{6C214816-D23C-4A09-9EDB-038792640DE9}.Release|x64.Build.0 = Release|Any CPU
		{6C214816-D23C-4A09-9EDB-038792640DE9}.Release|x86.ActiveCfg = Release|Any CPU
		{6C214816-D23C-4A09-9EDB-038792640DE9}.Release|x86.Build.0 = Release|Any CPU
		{DDA16C9F-6C2C-45BA-A029-0871699FD0FE}.Debug|Any CPU.ActiveCfg = Debug|Any CPU
		{DDA16C9F-6C2C-45BA-A029-0871699FD0FE}.Debug|Any CPU.Build.0 = Debug|Any CPU
		{DDA16C9F-6C2C-45BA-A029-0871699FD0FE}.Debug|x64.ActiveCfg = Debug|Any CPU
		{DDA16C9F-6C2C-45BA-A029-0871699FD0FE}.Debug|x64.Build.0 = Debug|Any CPU
		{DDA16C9F-6C2C-45BA-A029-0871699FD0FE}.Debug|x86.ActiveCfg = Debug|Any CPU
		{DDA16C9F-6C2C-45BA-A029-0871699FD0FE}.Debug|x86.Build.0 = Debug|Any CPU
		{DDA16C9F-6C2C-45BA-A029-0871699FD0FE}.Release|Any CPU.ActiveCfg = Release|Any CPU
		{DDA16C9F-6C2C-45BA-A029-0871699FD0FE}.Release|Any CPU.Build.0 = Release|Any CPU
		{DDA16C9F-6C2C-45BA-A029-0871699FD0FE}.Release|x64.ActiveCfg = Release|Any CPU
		{DDA16C9F-6C2C-45BA-A029-0871699FD0FE}.Release|x64.Build.0 = Release|Any CPU
		{DDA16C9F-6C2C-45BA-A029-0871699FD0FE}.Release|x86.ActiveCfg = Release|Any CPU
		{DDA16C9F-6C2C-45BA-A029-0871699FD0FE}.Release|x86.Build.0 = Release|Any CPU
		{815F333E-8C0D-479E-8E79-125E5562CAF7}.Debug|Any CPU.ActiveCfg = Debug|Any CPU
		{815F333E-8C0D-479E-8E79-125E5562CAF7}.Debug|Any CPU.Build.0 = Debug|Any CPU
		{815F333E-8C0D-479E-8E79-125E5562CAF7}.Debug|x64.ActiveCfg = Debug|Any CPU
		{815F333E-8C0D-479E-8E79-125E5562CAF7}.Debug|x64.Build.0 = Debug|Any CPU
		{815F333E-8C0D-479E-8E79-125E5562CAF7}.Debug|x86.ActiveCfg = Debug|Any CPU
		{815F333E-8C0D-479E-8E79-125E5562CAF7}.Debug|x86.Build.0 = Debug|Any CPU
		{815F333E-8C0D-479E-8E79-125E5562CAF7}.Release|Any CPU.ActiveCfg = Release|Any CPU
		{815F333E-8C0D-479E-8E79-125E5562CAF7}.Release|Any CPU.Build.0 = Release|Any CPU
		{815F333E-8C0D-479E-8E79-125E5562CAF7}.Release|x64.ActiveCfg = Release|Any CPU
		{815F333E-8C0D-479E-8E79-125E5562CAF7}.Release|x64.Build.0 = Release|Any CPU
		{815F333E-8C0D-479E-8E79-125E5562CAF7}.Release|x86.ActiveCfg = Release|Any CPU
		{815F333E-8C0D-479E-8E79-125E5562CAF7}.Release|x86.Build.0 = Release|Any CPU
		{3982FF90-452A-42EE-AE79-B1FB98BA43E6}.Debug|Any CPU.ActiveCfg = Debug|Any CPU
		{3982FF90-452A-42EE-AE79-B1FB98BA43E6}.Debug|Any CPU.Build.0 = Debug|Any CPU
		{3982FF90-452A-42EE-AE79-B1FB98BA43E6}.Debug|x64.ActiveCfg = Debug|Any CPU
		{3982FF90-452A-42EE-AE79-B1FB98BA43E6}.Debug|x64.Build.0 = Debug|Any CPU
		{3982FF90-452A-42EE-AE79-B1FB98BA43E6}.Debug|x86.ActiveCfg = Debug|Any CPU
		{3982FF90-452A-42EE-AE79-B1FB98BA43E6}.Debug|x86.Build.0 = Debug|Any CPU
		{3982FF90-452A-42EE-AE79-B1FB98BA43E6}.Release|Any CPU.ActiveCfg = Release|Any CPU
		{3982FF90-452A-42EE-AE79-B1FB98BA43E6}.Release|Any CPU.Build.0 = Release|Any CPU
		{3982FF90-452A-42EE-AE79-B1FB98BA43E6}.Release|x64.ActiveCfg = Release|Any CPU
		{3982FF90-452A-42EE-AE79-B1FB98BA43E6}.Release|x64.Build.0 = Release|Any CPU
		{3982FF90-452A-42EE-AE79-B1FB98BA43E6}.Release|x86.ActiveCfg = Release|Any CPU
		{3982FF90-452A-42EE-AE79-B1FB98BA43E6}.Release|x86.Build.0 = Release|Any CPU
		{7F104782-41C5-45F9-B030-9F93AE0E0CB3}.Debug|Any CPU.ActiveCfg = Debug|Any CPU
		{7F104782-41C5-45F9-B030-9F93AE0E0CB3}.Debug|Any CPU.Build.0 = Debug|Any CPU
		{7F104782-41C5-45F9-B030-9F93AE0E0CB3}.Debug|x64.ActiveCfg = Debug|Any CPU
		{7F104782-41C5-45F9-B030-9F93AE0E0CB3}.Debug|x64.Build.0 = Debug|Any CPU
		{7F104782-41C5-45F9-B030-9F93AE0E0CB3}.Debug|x86.ActiveCfg = Debug|Any CPU
		{7F104782-41C5-45F9-B030-9F93AE0E0CB3}.Debug|x86.Build.0 = Debug|Any CPU
		{7F104782-41C5-45F9-B030-9F93AE0E0CB3}.Release|Any CPU.ActiveCfg = Release|Any CPU
		{7F104782-41C5-45F9-B030-9F93AE0E0CB3}.Release|Any CPU.Build.0 = Release|Any CPU
		{7F104782-41C5-45F9-B030-9F93AE0E0CB3}.Release|x64.ActiveCfg = Release|Any CPU
		{7F104782-41C5-45F9-B030-9F93AE0E0CB3}.Release|x64.Build.0 = Release|Any CPU
		{7F104782-41C5-45F9-B030-9F93AE0E0CB3}.Release|x86.ActiveCfg = Release|Any CPU
		{7F104782-41C5-45F9-B030-9F93AE0E0CB3}.Release|x86.Build.0 = Release|Any CPU
		{9A9DA1C4-78D9-421B-9171-05F9E27C8103}.Debug|Any CPU.ActiveCfg = Debug|Any CPU
		{9A9DA1C4-78D9-421B-9171-05F9E27C8103}.Debug|Any CPU.Build.0 = Debug|Any CPU
		{9A9DA1C4-78D9-421B-9171-05F9E27C8103}.Debug|x64.ActiveCfg = Debug|Any CPU
		{9A9DA1C4-78D9-421B-9171-05F9E27C8103}.Debug|x64.Build.0 = Debug|Any CPU
		{9A9DA1C4-78D9-421B-9171-05F9E27C8103}.Debug|x86.ActiveCfg = Debug|Any CPU
		{9A9DA1C4-78D9-421B-9171-05F9E27C8103}.Debug|x86.Build.0 = Debug|Any CPU
		{9A9DA1C4-78D9-421B-9171-05F9E27C8103}.Release|Any CPU.ActiveCfg = Release|Any CPU
		{9A9DA1C4-78D9-421B-9171-05F9E27C8103}.Release|Any CPU.Build.0 = Release|Any CPU
		{9A9DA1C4-78D9-421B-9171-05F9E27C8103}.Release|x64.ActiveCfg = Release|Any CPU
		{9A9DA1C4-78D9-421B-9171-05F9E27C8103}.Release|x64.Build.0 = Release|Any CPU
		{9A9DA1C4-78D9-421B-9171-05F9E27C8103}.Release|x86.ActiveCfg = Release|Any CPU
		{9A9DA1C4-78D9-421B-9171-05F9E27C8103}.Release|x86.Build.0 = Release|Any CPU
		{59A0E40D-8DBC-4948-A8CB-12792021E713}.Debug|Any CPU.ActiveCfg = Debug|Any CPU
		{59A0E40D-8DBC-4948-A8CB-12792021E713}.Debug|Any CPU.Build.0 = Debug|Any CPU
		{59A0E40D-8DBC-4948-A8CB-12792021E713}.Debug|x64.ActiveCfg = Debug|Any CPU
		{59A0E40D-8DBC-4948-A8CB-12792021E713}.Debug|x64.Build.0 = Debug|Any CPU
		{59A0E40D-8DBC-4948-A8CB-12792021E713}.Debug|x86.ActiveCfg = Debug|Any CPU
		{59A0E40D-8DBC-4948-A8CB-12792021E713}.Debug|x86.Build.0 = Debug|Any CPU
		{59A0E40D-8DBC-4948-A8CB-12792021E713}.Release|Any CPU.ActiveCfg = Release|Any CPU
		{59A0E40D-8DBC-4948-A8CB-12792021E713}.Release|Any CPU.Build.0 = Release|Any CPU
		{59A0E40D-8DBC-4948-A8CB-12792021E713}.Release|x64.ActiveCfg = Release|Any CPU
		{59A0E40D-8DBC-4948-A8CB-12792021E713}.Release|x64.Build.0 = Release|Any CPU
		{59A0E40D-8DBC-4948-A8CB-12792021E713}.Release|x86.ActiveCfg = Release|Any CPU
		{59A0E40D-8DBC-4948-A8CB-12792021E713}.Release|x86.Build.0 = Release|Any CPU
		{9A32A175-599A-4F2F-A2A4-1441DCDC864B}.Debug|Any CPU.ActiveCfg = Debug|Any CPU
		{9A32A175-599A-4F2F-A2A4-1441DCDC864B}.Debug|Any CPU.Build.0 = Debug|Any CPU
		{9A32A175-599A-4F2F-A2A4-1441DCDC864B}.Debug|x64.ActiveCfg = Debug|Any CPU
		{9A32A175-599A-4F2F-A2A4-1441DCDC864B}.Debug|x64.Build.0 = Debug|Any CPU
		{9A32A175-599A-4F2F-A2A4-1441DCDC864B}.Debug|x86.ActiveCfg = Debug|Any CPU
		{9A32A175-599A-4F2F-A2A4-1441DCDC864B}.Debug|x86.Build.0 = Debug|Any CPU
		{9A32A175-599A-4F2F-A2A4-1441DCDC864B}.Release|Any CPU.ActiveCfg = Release|Any CPU
		{9A32A175-599A-4F2F-A2A4-1441DCDC864B}.Release|Any CPU.Build.0 = Release|Any CPU
		{9A32A175-599A-4F2F-A2A4-1441DCDC864B}.Release|x64.ActiveCfg = Release|Any CPU
		{9A32A175-599A-4F2F-A2A4-1441DCDC864B}.Release|x64.Build.0 = Release|Any CPU
		{9A32A175-599A-4F2F-A2A4-1441DCDC864B}.Release|x86.ActiveCfg = Release|Any CPU
		{9A32A175-599A-4F2F-A2A4-1441DCDC864B}.Release|x86.Build.0 = Release|Any CPU
		{6740DD06-B283-4B76-93ED-E0CC01492C44}.Debug|Any CPU.ActiveCfg = Debug|Any CPU
		{6740DD06-B283-4B76-93ED-E0CC01492C44}.Debug|Any CPU.Build.0 = Debug|Any CPU
		{6740DD06-B283-4B76-93ED-E0CC01492C44}.Debug|x64.ActiveCfg = Debug|Any CPU
		{6740DD06-B283-4B76-93ED-E0CC01492C44}.Debug|x64.Build.0 = Debug|Any CPU
		{6740DD06-B283-4B76-93ED-E0CC01492C44}.Debug|x86.ActiveCfg = Debug|Any CPU
		{6740DD06-B283-4B76-93ED-E0CC01492C44}.Debug|x86.Build.0 = Debug|Any CPU
		{6740DD06-B283-4B76-93ED-E0CC01492C44}.Release|Any CPU.ActiveCfg = Release|Any CPU
		{6740DD06-B283-4B76-93ED-E0CC01492C44}.Release|Any CPU.Build.0 = Release|Any CPU
		{6740DD06-B283-4B76-93ED-E0CC01492C44}.Release|x64.ActiveCfg = Release|Any CPU
		{6740DD06-B283-4B76-93ED-E0CC01492C44}.Release|x64.Build.0 = Release|Any CPU
		{6740DD06-B283-4B76-93ED-E0CC01492C44}.Release|x86.ActiveCfg = Release|Any CPU
		{6740DD06-B283-4B76-93ED-E0CC01492C44}.Release|x86.Build.0 = Release|Any CPU
		{5C4F4FAB-AC6E-4817-A8DF-24419054888F}.Debug|Any CPU.ActiveCfg = Debug|Any CPU
		{5C4F4FAB-AC6E-4817-A8DF-24419054888F}.Debug|Any CPU.Build.0 = Debug|Any CPU
		{5C4F4FAB-AC6E-4817-A8DF-24419054888F}.Debug|x64.ActiveCfg = Debug|Any CPU
		{5C4F4FAB-AC6E-4817-A8DF-24419054888F}.Debug|x64.Build.0 = Debug|Any CPU
		{5C4F4FAB-AC6E-4817-A8DF-24419054888F}.Debug|x86.ActiveCfg = Debug|Any CPU
		{5C4F4FAB-AC6E-4817-A8DF-24419054888F}.Debug|x86.Build.0 = Debug|Any CPU
		{5C4F4FAB-AC6E-4817-A8DF-24419054888F}.Release|Any CPU.ActiveCfg = Release|Any CPU
		{5C4F4FAB-AC6E-4817-A8DF-24419054888F}.Release|Any CPU.Build.0 = Release|Any CPU
		{5C4F4FAB-AC6E-4817-A8DF-24419054888F}.Release|x64.ActiveCfg = Release|Any CPU
		{5C4F4FAB-AC6E-4817-A8DF-24419054888F}.Release|x64.Build.0 = Release|Any CPU
		{5C4F4FAB-AC6E-4817-A8DF-24419054888F}.Release|x86.ActiveCfg = Release|Any CPU
		{5C4F4FAB-AC6E-4817-A8DF-24419054888F}.Release|x86.Build.0 = Release|Any CPU
		{D8A7D2AD-BA24-4FE2-890A-93507BB0734A}.Debug|Any CPU.ActiveCfg = Debug|Any CPU
		{D8A7D2AD-BA24-4FE2-890A-93507BB0734A}.Debug|Any CPU.Build.0 = Debug|Any CPU
		{D8A7D2AD-BA24-4FE2-890A-93507BB0734A}.Debug|x64.ActiveCfg = Debug|Any CPU
		{D8A7D2AD-BA24-4FE2-890A-93507BB0734A}.Debug|x64.Build.0 = Debug|Any CPU
		{D8A7D2AD-BA24-4FE2-890A-93507BB0734A}.Debug|x86.ActiveCfg = Debug|Any CPU
		{D8A7D2AD-BA24-4FE2-890A-93507BB0734A}.Debug|x86.Build.0 = Debug|Any CPU
		{D8A7D2AD-BA24-4FE2-890A-93507BB0734A}.Release|Any CPU.ActiveCfg = Release|Any CPU
		{D8A7D2AD-BA24-4FE2-890A-93507BB0734A}.Release|Any CPU.Build.0 = Release|Any CPU
		{D8A7D2AD-BA24-4FE2-890A-93507BB0734A}.Release|x64.ActiveCfg = Release|Any CPU
		{D8A7D2AD-BA24-4FE2-890A-93507BB0734A}.Release|x64.Build.0 = Release|Any CPU
		{D8A7D2AD-BA24-4FE2-890A-93507BB0734A}.Release|x86.ActiveCfg = Release|Any CPU
		{D8A7D2AD-BA24-4FE2-890A-93507BB0734A}.Release|x86.Build.0 = Release|Any CPU
		{FA0E823F-5983-4155-866D-C8438D29BA76}.Debug|Any CPU.ActiveCfg = Debug|Any CPU
		{FA0E823F-5983-4155-866D-C8438D29BA76}.Debug|Any CPU.Build.0 = Debug|Any CPU
		{FA0E823F-5983-4155-866D-C8438D29BA76}.Debug|x64.ActiveCfg = Debug|Any CPU
		{FA0E823F-5983-4155-866D-C8438D29BA76}.Debug|x64.Build.0 = Debug|Any CPU
		{FA0E823F-5983-4155-866D-C8438D29BA76}.Debug|x86.ActiveCfg = Debug|Any CPU
		{FA0E823F-5983-4155-866D-C8438D29BA76}.Debug|x86.Build.0 = Debug|Any CPU
		{FA0E823F-5983-4155-866D-C8438D29BA76}.Release|Any CPU.ActiveCfg = Release|Any CPU
		{FA0E823F-5983-4155-866D-C8438D29BA76}.Release|Any CPU.Build.0 = Release|Any CPU
		{FA0E823F-5983-4155-866D-C8438D29BA76}.Release|x64.ActiveCfg = Release|Any CPU
		{FA0E823F-5983-4155-866D-C8438D29BA76}.Release|x64.Build.0 = Release|Any CPU
		{FA0E823F-5983-4155-866D-C8438D29BA76}.Release|x86.ActiveCfg = Release|Any CPU
		{FA0E823F-5983-4155-866D-C8438D29BA76}.Release|x86.Build.0 = Release|Any CPU
		{6BC04985-D005-4C2C-9F25-D3FC62F06942}.Debug|Any CPU.ActiveCfg = Debug|Any CPU
		{6BC04985-D005-4C2C-9F25-D3FC62F06942}.Debug|Any CPU.Build.0 = Debug|Any CPU
		{6BC04985-D005-4C2C-9F25-D3FC62F06942}.Debug|x64.ActiveCfg = Debug|Any CPU
		{6BC04985-D005-4C2C-9F25-D3FC62F06942}.Debug|x64.Build.0 = Debug|Any CPU
		{6BC04985-D005-4C2C-9F25-D3FC62F06942}.Debug|x86.ActiveCfg = Debug|Any CPU
		{6BC04985-D005-4C2C-9F25-D3FC62F06942}.Debug|x86.Build.0 = Debug|Any CPU
		{6BC04985-D005-4C2C-9F25-D3FC62F06942}.Release|Any CPU.ActiveCfg = Release|Any CPU
		{6BC04985-D005-4C2C-9F25-D3FC62F06942}.Release|Any CPU.Build.0 = Release|Any CPU
		{6BC04985-D005-4C2C-9F25-D3FC62F06942}.Release|x64.ActiveCfg = Release|Any CPU
		{6BC04985-D005-4C2C-9F25-D3FC62F06942}.Release|x64.Build.0 = Release|Any CPU
		{6BC04985-D005-4C2C-9F25-D3FC62F06942}.Release|x86.ActiveCfg = Release|Any CPU
		{6BC04985-D005-4C2C-9F25-D3FC62F06942}.Release|x86.Build.0 = Release|Any CPU
		{3B977D07-1F54-4E71-8774-1D1978CD1F3C}.Debug|Any CPU.ActiveCfg = Debug|Any CPU
		{3B977D07-1F54-4E71-8774-1D1978CD1F3C}.Debug|Any CPU.Build.0 = Debug|Any CPU
		{3B977D07-1F54-4E71-8774-1D1978CD1F3C}.Debug|x64.ActiveCfg = Debug|Any CPU
		{3B977D07-1F54-4E71-8774-1D1978CD1F3C}.Debug|x64.Build.0 = Debug|Any CPU
		{3B977D07-1F54-4E71-8774-1D1978CD1F3C}.Debug|x86.ActiveCfg = Debug|Any CPU
		{3B977D07-1F54-4E71-8774-1D1978CD1F3C}.Debug|x86.Build.0 = Debug|Any CPU
		{3B977D07-1F54-4E71-8774-1D1978CD1F3C}.Release|Any CPU.ActiveCfg = Release|Any CPU
		{3B977D07-1F54-4E71-8774-1D1978CD1F3C}.Release|Any CPU.Build.0 = Release|Any CPU
		{3B977D07-1F54-4E71-8774-1D1978CD1F3C}.Release|x64.ActiveCfg = Release|Any CPU
		{3B977D07-1F54-4E71-8774-1D1978CD1F3C}.Release|x64.Build.0 = Release|Any CPU
		{3B977D07-1F54-4E71-8774-1D1978CD1F3C}.Release|x86.ActiveCfg = Release|Any CPU
		{3B977D07-1F54-4E71-8774-1D1978CD1F3C}.Release|x86.Build.0 = Release|Any CPU
		{9391FF18-39BE-48EE-9BF7-1420ABB3FBFC}.Debug|Any CPU.ActiveCfg = Debug|Any CPU
		{9391FF18-39BE-48EE-9BF7-1420ABB3FBFC}.Debug|Any CPU.Build.0 = Debug|Any CPU
		{9391FF18-39BE-48EE-9BF7-1420ABB3FBFC}.Debug|x64.ActiveCfg = Debug|Any CPU
		{9391FF18-39BE-48EE-9BF7-1420ABB3FBFC}.Debug|x64.Build.0 = Debug|Any CPU
		{9391FF18-39BE-48EE-9BF7-1420ABB3FBFC}.Debug|x86.ActiveCfg = Debug|Any CPU
		{9391FF18-39BE-48EE-9BF7-1420ABB3FBFC}.Debug|x86.Build.0 = Debug|Any CPU
		{9391FF18-39BE-48EE-9BF7-1420ABB3FBFC}.Release|Any CPU.ActiveCfg = Release|Any CPU
		{9391FF18-39BE-48EE-9BF7-1420ABB3FBFC}.Release|Any CPU.Build.0 = Release|Any CPU
		{9391FF18-39BE-48EE-9BF7-1420ABB3FBFC}.Release|x64.ActiveCfg = Release|Any CPU
		{9391FF18-39BE-48EE-9BF7-1420ABB3FBFC}.Release|x64.Build.0 = Release|Any CPU
		{9391FF18-39BE-48EE-9BF7-1420ABB3FBFC}.Release|x86.ActiveCfg = Release|Any CPU
		{9391FF18-39BE-48EE-9BF7-1420ABB3FBFC}.Release|x86.Build.0 = Release|Any CPU
	EndGlobalSection
	GlobalSection(SolutionProperties) = preSolution
		HideSolutionNode = FALSE
	EndGlobalSection
EndGlobal
